{
  "nodes": {
    "nixpkgs": {
      "locked": {
        "lastModified": 1736125565,
        "narHash": "sha256-3d8fh1cWkO13z+ONoTDt9mDkuwNEqeAEz9tG2WuPuWU=",
        "owner": "NixOS",
        "repo": "nixpkgs",
        "rev": "ecd810c4cc90890229ef353a12fb384c47ee75c3",
        "type": "github"
      },
      "original": {
        "owner": "NixOS",
        "repo": "nixpkgs",
        "type": "github"
      }
    },
    "root": {
      "inputs": {
        "nixpkgs": "nixpkgs"
      }
    }
  },
  "root": "root",
  "version": 7
}
