{
  "nodes": {
    "nixpkgs": {
      "locked": {
        "lastModified": 1720708120,
        "narHash": "sha256-8O+aLbP+j0L7S0+8SVxn1ytHkXmBCmJQ6UmYOnpQfIY=",
        "owner": "NixOS",
        "repo": "nixpkgs",
        "rev": "1991bfd73de94c1c006db9fb4554dcd05c9b5da4",
        "type": "github"
      },
      "original": {
        "owner": "NixOS",
        "repo": "nixpkgs",
        "type": "github"
      }
    },
    "root": {
      "inputs": {
        "nixpkgs": "nixpkgs"
      }
    }
  },
  "root": "root",
  "version": 7
}
